
Microsoft Visual Studio Solution File, Format Version 12.00
# Visual Studio Version 16
VisualStudioVersion = 16.0.31911.196
MinimumVisualStudioVersion = 10.0.40219.1
Project("{9A19103F-16F7-4668-BE54-9A1E7A4F7556}") = "CREDMicroService", "CREDMicroService.csproj", "{DAF01D3E-9771-43F1-A2A0-8A3AEEA0D7ED}"
EndProject
Project("{FAE04EC0-301F-11D3-BF4B-00C04F79EFBC}") = "CREDMicroserviceXUnitTest", "..\CREDMicroserviceXUnitTest\CREDMicroserviceXUnitTest.csproj", "{371123F7-EC9B-47FC-915D-FE2B56EFBE02}"
EndProject
Global
	GlobalSection(SolutionConfigurationPlatforms) = preSolution
		Debug|Any CPU = Debug|Any CPU
		Release|Any CPU = Release|Any CPU
	EndGlobalSection
	GlobalSection(ProjectConfigurationPlatforms) = postSolution
		{DAF01D3E-9771-43F1-A2A0-8A3AEEA0D7ED}.Debug|Any CPU.ActiveCfg = Debug|Any CPU
		{DAF01D3E-9771-43F1-A2A0-8A3AEEA0D7ED}.Debug|Any CPU.Build.0 = Debug|Any CPU
		{DAF01D3E-9771-43F1-A2A0-8A3AEEA0D7ED}.Release|Any CPU.ActiveCfg = Release|Any CPU
		{DAF01D3E-9771-43F1-A2A0-8A3AEEA0D7ED}.Release|Any CPU.Build.0 = Release|Any CPU
		{371123F7-EC9B-47FC-915D-FE2B56EFBE02}.Debug|Any CPU.ActiveCfg = Debug|Any CPU
		{371123F7-EC9B-47FC-915D-FE2B56EFBE02}.Debug|Any CPU.Build.0 = Debug|Any CPU
		{371123F7-EC9B-47FC-915D-FE2B56EFBE02}.Release|Any CPU.ActiveCfg = Release|Any CPU
		{371123F7-EC9B-47FC-915D-FE2B56EFBE02}.Release|Any CPU.Build.0 = Release|Any CPU
	EndGlobalSection
	GlobalSection(SolutionProperties) = preSolution
		HideSolutionNode = FALSE
	EndGlobalSection
	GlobalSection(ExtensibilityGlobals) = postSolution
		SolutionGuid = {230F6AB3-9273-4E7F-ADCF-B597E6D58545}
	EndGlobalSection
EndGlobal
